Microsoft Visual Studio Solution File, Format Version 12.00
# Visual Studio Version 18
VisualStudioVersion = 18.5.11716.220 stable
MinimumVisualStudioVersion = 10.0.40219.1
Project("{9A19103F-16F7-4668-BE54-9A1E7A4F7556}") = "CK.Ng.SiteMap", "CK.Ng.SiteMap\CK.Ng.SiteMap.csproj", "{AAAD300C-1133-4937-88BE-F4E8678FF22C}"
EndProject
Project("{2150E333-8FDC-42A3-9474-1A3956D46DE8}") = "Tests", "Tests", "{AF651580-6C6F-49D5-A809-FB73CDD5F5FE}"
EndProject
Project("{2150E333-8FDC-42A3-9474-1A3956D46DE8}") = "Solution Items", "Solution Items", "{D97F6FF6-F0FB-42A2-8CC3-F48E620DD56A}"
	ProjectSection(SolutionItems) = preProject
		.gitignore = .gitignore
		appveyor.yml = appveyor.yml
		NuGet.config = NuGet.config
		README.md = README.md
		RepositoryInfo.xml = RepositoryInfo.xml
	EndProjectSection
EndProject
Project("{FAE04EC0-301F-11D3-BF4B-00C04F79EFBC}") = "CK.Ng.SiteMap.Tests", "Tests\CK.Ng.SiteMap.Tests\CK.Ng.SiteMap.Tests.csproj", "{7CCDAEBF-FCBE-4180-BA16-5BD9C999262F}"
EndProject
Project("{FAE04EC0-301F-11D3-BF4B-00C04F79EFBC}") = "CodeCakeBuilder", "CodeCakeBuilder\CodeCakeBuilder.csproj", "{D6CCEDA6-CA4D-C71C-B080-7A33D295C28B}"
EndProject
Project("{FAE04EC0-301F-11D3-BF4B-00C04F79EFBC}") = "CK.IO.SiteMap", "CK.IO.SiteMap\CK.IO.SiteMap.csproj", "{C5784584-EE46-9A25-5EBE-10B61353571C}"
EndProject
Project("{FAE04EC0-301F-11D3-BF4B-00C04F79EFBC}") = "CK.IO.SiteMap.PointOfView", "CK.IO.SiteMap.PointOfView\CK.IO.SiteMap.PointOfView.csproj", "{93D37085-DF88-8120-5E27-C00698F84D71}"
EndProject
Project("{FAE04EC0-301F-11D3-BF4B-00C04F79EFBC}") = "CK.Ng.SiteMap.PointOfView", "CK.Ng.SiteMap.PointOfiew\CK.Ng.SiteMap.PointOfView.csproj", "{AACD2A6E-7F92-ACCA-B34F-3179ADFAB887}"
EndProject
Project("{FAE04EC0-301F-11D3-BF4B-00C04F79EFBC}") = "CK.DB.SiteMap", "CK.DB.SiteMap\CK.DB.SiteMap.csproj", "{B76B77B6-B038-4D5C-8F01-1076285ED854}"
EndProject
Global
	GlobalSection(SolutionConfigurationPlatforms) = preSolution
		Debug|Any CPU = Debug|Any CPU
		Release|Any CPU = Release|Any CPU
	EndGlobalSection
	GlobalSection(ProjectConfigurationPlatforms) = postSolution
		{AAAD300C-1133-4937-88BE-F4E8678FF22C}.Debug|Any CPU.ActiveCfg = Debug|Any CPU
		{AAAD300C-1133-4937-88BE-F4E8678FF22C}.Debug|Any CPU.Build.0 = Debug|Any CPU
		{AAAD300C-1133-4937-88BE-F4E8678FF22C}.Release|Any CPU.ActiveCfg = Release|Any CPU
		{AAAD300C-1133-4937-88BE-F4E8678FF22C}.Release|Any CPU.Build.0 = Release|Any CPU
		{7CCDAEBF-FCBE-4180-BA16-5BD9C999262F}.Debug|Any CPU.ActiveCfg = Debug|Any CPU
		{7CCDAEBF-FCBE-4180-BA16-5BD9C999262F}.Debug|Any CPU.Build.0 = Debug|Any CPU
		{7CCDAEBF-FCBE-4180-BA16-5BD9C999262F}.Release|Any CPU.ActiveCfg = Release|Any CPU
		{7CCDAEBF-FCBE-4180-BA16-5BD9C999262F}.Release|Any CPU.Build.0 = Release|Any CPU
		{D6CCEDA6-CA4D-C71C-B080-7A33D295C28B}.Debug|Any CPU.ActiveCfg = Debug|Any CPU
		{D6CCEDA6-CA4D-C71C-B080-7A33D295C28B}.Debug|Any CPU.Build.0 = Debug|Any CPU
		{D6CCEDA6-CA4D-C71C-B080-7A33D295C28B}.Release|Any CPU.ActiveCfg = Release|Any CPU
		{D6CCEDA6-CA4D-C71C-B080-7A33D295C28B}.Release|Any CPU.Build.0 = Release|Any CPU
		{C5784584-EE46-9A25-5EBE-10B61353571C}.Debug|Any CPU.ActiveCfg = Debug|Any CPU
		{C5784584-EE46-9A25-5EBE-10B61353571C}.Debug|Any CPU.Build.0 = Debug|Any CPU
		{C5784584-EE46-9A25-5EBE-10B61353571C}.Release|Any CPU.ActiveCfg = Release|Any CPU
		{C5784584-EE46-9A25-5EBE-10B61353571C}.Release|Any CPU.Build.0 = Release|Any CPU
		{93D37085-DF88-8120-5E27-C00698F84D71}.Debug|Any CPU.ActiveCfg = Debug|Any CPU
		{93D37085-DF88-8120-5E27-C00698F84D71}.Debug|Any CPU.Build.0 = Debug|Any CPU
		{93D37085-DF88-8120-5E27-C00698F84D71}.Release|Any CPU.ActiveCfg = Release|Any CPU
		{93D37085-DF88-8120-5E27-C00698F84D71}.Release|Any CPU.Build.0 = Release|Any CPU
		{AACD2A6E-7F92-ACCA-B34F-3179ADFAB887}.Debug|Any CPU.ActiveCfg = Debug|Any CPU
		{AACD2A6E-7F92-ACCA-B34F-3179ADFAB887}.Debug|Any CPU.Build.0 = Debug|Any CPU
		{AACD2A6E-7F92-ACCA-B34F-3179ADFAB887}.Release|Any CPU.ActiveCfg = Release|Any CPU
		{AACD2A6E-7F92-ACCA-B34F-3179ADFAB887}.Release|Any CPU.Build.0 = Release|Any CPU
		{B76B77B6-B038-4D5C-8F01-1076285ED854}.Debug|Any CPU.ActiveCfg = Debug|Any CPU
		{B76B77B6-B038-4D5C-8F01-1076285ED854}.Debug|Any CPU.Build.0 = Debug|Any CPU
		{B76B77B6-B038-4D5C-8F01-1076285ED854}.Release|Any CPU.ActiveCfg = Release|Any CPU
		{B76B77B6-B038-4D5C-8F01-1076285ED854}.Release|Any CPU.Build.0 = Release|Any CPU
	EndGlobalSection
	GlobalSection(SolutionProperties) = preSolution
		HideSolutionNode = FALSE
	EndGlobalSection
	GlobalSection(NestedProjects) = preSolution
		{7CCDAEBF-FCBE-4180-BA16-5BD9C999262F} = {AF651580-6C6F-49D5-A809-FB73CDD5F5FE}
	EndGlobalSection
	GlobalSection(ExtensibilityGlobals) = postSolution
		SolutionGuid = {0DD39C7D-FB32-48AF-AE0F-276E0F483452}
	EndGlobalSection
EndGlobal
